
Microsoft Visual Studio Solution File, Format Version 12.00
# Visual Studio 14
VisualStudioVersion = 14.0.25420.1
MinimumVisualStudioVersion = 10.0.40219.1
Project("{D954291E-2A0B-460D-934E-DC6B0785DB48}") = "Techamante", "Techamante\Techamante.shproj", "{8DC89731-FEA8-4E31-A204-36EC4462E089}"
EndProject
Global
	GlobalSection(SharedMSBuildProjectFiles) = preSolution
		Techamante\Techamante.projitems*{8dc89731-fea8-4e31-a204-36ec4462e089}*SharedItemsImports = 13
	EndGlobalSection
	GlobalSection(SolutionProperties) = preSolution
		HideSolutionNode = FALSE
	EndGlobalSection
EndGlobal
